
Microsoft Visual Studio Solution File, Format Version 12.00
# Visual Studio Version 16
VisualStudioVersion = 16.0.31129.286
MinimumVisualStudioVersion = 10.0.40219.1
Project("{FAE04EC0-301F-11D3-BF4B-00C04F79EFBC}") = "CMDemulator", "CMDemulator\CMDemulator.csproj", "{D13ADF26-B349-4DAD-892D-838536743E76}"
EndProject
Global
	GlobalSection(SolutionConfigurationPlatforms) = preSolution
		Debug|Any CPU = Debug|Any CPU
		Release|Any CPU = Release|Any CPU
	EndGlobalSection
	GlobalSection(ProjectConfigurationPlatforms) = postSolution
		{D13ADF26-B349-4DAD-892D-838536743E76}.Debug|Any CPU.ActiveCfg = Debug|Any CPU
		{D13ADF26-B349-4DAD-892D-838536743E76}.Debug|Any CPU.Build.0 = Debug|Any CPU
		{D13ADF26-B349-4DAD-892D-838536743E76}.Release|Any CPU.ActiveCfg = Release|Any CPU
		{D13ADF26-B349-4DAD-892D-838536743E76}.Release|Any CPU.Build.0 = Release|Any CPU
	EndGlobalSection
	GlobalSection(SolutionProperties) = preSolution
		HideSolutionNode = FALSE
	EndGlobalSection
	GlobalSection(ExtensibilityGlobals) = postSolution
		SolutionGuid = {EFFE371F-E3DE-41D9-9ECE-CAE7D8425766}
	EndGlobalSection
EndGlobal
